
Microsoft Visual Studio Solution File, Format Version 12.00
# Visual Studio Version 16
VisualStudioVersion = 16.0.30907.101
MinimumVisualStudioVersion = 10.0.40219.1
Project("{FAE04EC0-301F-11D3-BF4B-00C04F79EFBC}") = "MegaCalculator", "MegaCalculator\MegaCalculator.csproj", "{20667F44-B358-474C-AFF4-2D8BE68DCCF1}"
EndProject
Global
	GlobalSection(SolutionConfigurationPlatforms) = preSolution
		Debug|Any CPU = Debug|Any CPU
		Release|Any CPU = Release|Any CPU
	EndGlobalSection
	GlobalSection(ProjectConfigurationPlatforms) = postSolution
		{20667F44-B358-474C-AFF4-2D8BE68DCCF1}.Debug|Any CPU.ActiveCfg = Debug|Any CPU
		{20667F44-B358-474C-AFF4-2D8BE68DCCF1}.Debug|Any CPU.Build.0 = Debug|Any CPU
		{20667F44-B358-474C-AFF4-2D8BE68DCCF1}.Release|Any CPU.ActiveCfg = Release|Any CPU
		{20667F44-B358-474C-AFF4-2D8BE68DCCF1}.Release|Any CPU.Build.0 = Release|Any CPU
	EndGlobalSection
	GlobalSection(SolutionProperties) = preSolution
		HideSolutionNode = FALSE
	EndGlobalSection
	GlobalSection(ExtensibilityGlobals) = postSolution
		SolutionGuid = {BC1C0930-DDEF-413C-8E75-48C2B40DB721}
	EndGlobalSection
EndGlobal
